PODS:
  - Locker (3.0.4)
  - Locker/Tests (3.0.4)

DEPENDENCIES:
  - Locker (from `../Locker.podspec`)
  - Locker/Tests (from `../Locker.podspec`)

EXTERNAL SOURCES:
  Locker:
    :path: "../Locker.podspec"

SPEC CHECKSUMS:
  Locker: 286f4816ba4aa4a24ab44c1e66e87bb0ae249b71

PODFILE CHECKSUM: dcc9d75608c1c354a11f20649539acf09ff55f0a

COCOAPODS: 1.16.2
