PODS:
  - Locker (3.0.6)
  - Locker/Tests (3.0.6)

DEPENDENCIES:
  - Locker (from `../Locker.podspec`)
  - Locker/Tests (from `../Locker.podspec`)

EXTERNAL SOURCES:
  Locker:
    :path: "../Locker.podspec"

SPEC CHECKSUMS:
  Locker: 2c501daf63284b41c0b581b318685ba8334ccea9

PODFILE CHECKSUM: a4bdb8f8d4f58a057e2b2ce11b387970650c1cb5

COCOAPODS: 1.16.2
