PODS:
  - BiometricsManager (2.0.0)

DEPENDENCIES:
  - BiometricsManager (from `../BiometricsManager.podspec`)

EXTERNAL SOURCES:
  BiometricsManager:
    :path: "../BiometricsManager.podspec"

SPEC CHECKSUMS:
  BiometricsManager: 3ac30a85d7b7521a474cac0ebaf3d5a297088e08

PODFILE CHECKSUM: d3fb94a99a9c9c3305df1cb4935f93817184befc

COCOAPODS: 1.8.1
