// !$*UTF8*$!
{
	archiveVersion = 1;
	classes = {
	};
	objectVersion = 46;
	objects = {

/* Begin PBXBuildFile section */
		06FB948A236B265600988BA1 /* Locker.m in Sources */ = {isa = PBXBuildFile; fileRef = 06FB9485236B264700988BA1 /* Locker.m */; };
		375E9682271EE79600896845 /* LockerHelpers.swift in Sources */ = {isa = PBXBuildFile; fileRef = 375E9681271EE79600896845 /* LockerHelpers.swift */; };
		375E9684271EE86200896845 /* BiometryType.swift in Sources */ = {isa = PBXBuildFile; fileRef = 375E9683271EE86200896845 /* BiometryType.swift */; };
		DF8FB52F1E8DAFFF00EC2740 /* UIKit.framework in Frameworks */ = {isa = PBXBuildFile; fileRef = DF8FB52E1E8DAFFF00EC2740 /* UIKit.framework */; };
		DF8FB5311E8DB00600EC2740 /* LocalAuthentication.framework in Frameworks */ = {isa = PBXBuildFile; fileRef = DF8FB5301E8DB00600EC2740 /* LocalAuthentication.framework */; };
		DF8FB5351E8DB03600EC2740 /* Security.framework in Frameworks */ = {isa = PBXBuildFile; fileRef = DF8FB5341E8DB03600EC2740 /* Security.framework */; };
/* End PBXBuildFile section */

/* Begin PBXCopyFilesBuildPhase section */
		DF8FB4FE1E8D119C00EC2740 /* CopyFiles */ = {
			isa = PBXCopyFilesBuildPhase;
			buildActionMask = 2147483647;
			dstPath = "include/$(PRODUCT_NAME)";
			dstSubfolderSpec = 16;
			files = (
			);
			runOnlyForDeploymentPostprocessing = 0;
		};
/* End PBXCopyFilesBuildPhase section */

/* Begin PBXFileReference section */
		06FB9483236B264700988BA1 /* BiometricsType.h */ = {isa = PBXFileReference; lastKnownFileType = sourcecode.c.h; path = BiometricsType.h; sourceTree = "<group>"; };
		06FB9485236B264700988BA1 /* Locker.m */ = {isa = PBXFileReference; lastKnownFileType = sourcecode.c.objc; path = Locker.m; sourceTree = "<group>"; };
		06FB9486236B264700988BA1 /* Locker.h */ = {isa = PBXFileReference; lastKnownFileType = sourcecode.c.h; path = Locker.h; sourceTree = "<group>"; };
		375E9681271EE79600896845 /* LockerHelpers.swift */ = {isa = PBXFileReference; lastKnownFileType = sourcecode.swift; path = LockerHelpers.swift; sourceTree = "<group>"; };
		375E9683271EE86200896845 /* BiometryType.swift */ = {isa = PBXFileReference; lastKnownFileType = sourcecode.swift; path = BiometryType.swift; sourceTree = "<group>"; };
		DF8FB5001E8D119C00EC2740 /* libLocker.a */ = {isa = PBXFileReference; explicitFileType = archive.ar; includeInIndex = 0; path = libLocker.a; sourceTree = BUILT_PRODUCTS_DIR; };
		DF8FB52E1E8DAFFF00EC2740 /* UIKit.framework */ = {isa = PBXFileReference; lastKnownFileType = wrapper.framework; name = UIKit.framework; path = System/Library/Frameworks/UIKit.framework; sourceTree = SDKROOT; };
		DF8FB5301E8DB00600EC2740 /* LocalAuthentication.framework */ = {isa = PBXFileReference; lastKnownFileType = wrapper.framework; name = LocalAuthentication.framework; path = System/Library/Frameworks/LocalAuthentication.framework; sourceTree = SDKROOT; };
		DF8FB5321E8DB00E00EC2740 /* SystemConfiguration.framework */ = {isa = PBXFileReference; lastKnownFileType = wrapper.framework; name = SystemConfiguration.framework; path = System/Library/Frameworks/SystemConfiguration.framework; sourceTree = SDKROOT; };
		DF8FB5341E8DB03600EC2740 /* Security.framework */ = {isa = PBXFileReference; lastKnownFileType = wrapper.framework; name = Security.framework; path = System/Library/Frameworks/Security.framework; sourceTree = SDKROOT; };
/* End PBXFileReference section */

/* Begin PBXFrameworksBuildPhase section */
		DF8FB4FD1E8D119C00EC2740 /* Frameworks */ = {
			isa = PBXFrameworksBuildPhase;
			buildActionMask = 2147483647;
			files = (
				DF8FB5351E8DB03600EC2740 /* Security.framework in Frameworks */,
				DF8FB5311E8DB00600EC2740 /* LocalAuthentication.framework in Frameworks */,
				DF8FB52F1E8DAFFF00EC2740 /* UIKit.framework in Frameworks */,
			);
			runOnlyForDeploymentPostprocessing = 0;
		};
/* End PBXFrameworksBuildPhase section */

/* Begin PBXGroup section */
		06FB9482236B264700988BA1 /* Locker */ = {
			isa = PBXGroup;
			children = (
				06FB9484236B264700988BA1 /* Locker */,
				06FB9487236B264700988BA1 /* Internal */,
			);
			path = Locker;
			sourceTree = "<group>";
		};
		06FB9484236B264700988BA1 /* Locker */ = {
			isa = PBXGroup;
			children = (
				06FB9483236B264700988BA1 /* BiometricsType.h */,
				06FB9486236B264700988BA1 /* Locker.h */,
				06FB9485236B264700988BA1 /* Locker.m */,
				375E9683271EE86200896845 /* BiometryType.swift */,
			);
			path = Locker;
			sourceTree = "<group>";
		};
		06FB9487236B264700988BA1 /* Internal */ = {
			isa = PBXGroup;
			children = (
				375E9681271EE79600896845 /* LockerHelpers.swift */,
			);
			path = Internal;
			sourceTree = "<group>";
		};
		DF8FB4F71E8D119C00EC2740 = {
			isa = PBXGroup;
			children = (
				06FB9482236B264700988BA1 /* Locker */,
				DF8FB5011E8D119C00EC2740 /* Products */,
				DF8FB52D1E8DAFFF00EC2740 /* Frameworks */,
			);
			sourceTree = "<group>";
		};
		DF8FB5011E8D119C00EC2740 /* Products */ = {
			isa = PBXGroup;
			children = (
				DF8FB5001E8D119C00EC2740 /* libLocker.a */,
			);
			name = Products;
			sourceTree = "<group>";
		};
		DF8FB52D1E8DAFFF00EC2740 /* Frameworks */ = {
			isa = PBXGroup;
			children = (
				DF8FB5341E8DB03600EC2740 /* Security.framework */,
				DF8FB5321E8DB00E00EC2740 /* SystemConfiguration.framework */,
				DF8FB5301E8DB00600EC2740 /* LocalAuthentication.framework */,
				DF8FB52E1E8DAFFF00EC2740 /* UIKit.framework */,
			);
			name = Frameworks;
			sourceTree = "<group>";
		};
/* End PBXGroup section */

/* Begin PBXNativeTarget section */
		DF8FB4FF1E8D119C00EC2740 /* Locker */ = {
			isa = PBXNativeTarget;
			buildConfigurationList = DF8FB5091E8D119C00EC2740 /* Build configuration list for PBXNativeTarget "Locker" */;
			buildPhases = (
				DF8FB4FC1E8D119C00EC2740 /* Sources */,
				DF8FB4FD1E8D119C00EC2740 /* Frameworks */,
				DF8FB4FE1E8D119C00EC2740 /* CopyFiles */,
			);
			buildRules = (
			);
			dependencies = (
			);
			name = Locker;
			productName = TouchIDManager;
			productReference = DF8FB5001E8D119C00EC2740 /* libLocker.a */;
			productType = "com.apple.product-type.library.static";
		};
/* End PBXNativeTarget section */

/* Begin PBXProject section */
		DF8FB4F81E8D119C00EC2740 /* Project object */ = {
			isa = PBXProject;
			attributes = {
				LastUpgradeCheck = 1030;
				ORGANIZATIONNAME = Infinum;
				TargetAttributes = {
					DF8FB4FF1E8D119C00EC2740 = {
						CreatedOnToolsVersion = 8.1;
						DevelopmentTeam = 3GN7X2W9W5;
						LastSwiftMigration = 1300;
						ProvisioningStyle = Automatic;
					};
				};
			};
			buildConfigurationList = DF8FB4FB1E8D119C00EC2740 /* Build configuration list for PBXProject "Locker" */;
			compatibilityVersion = "Xcode 3.2";
			developmentRegion = English;
			hasScannedForEncodings = 0;
			knownRegions = (
				English,
				en,
			);
			mainGroup = DF8FB4F71E8D119C00EC2740;
			productRefGroup = DF8FB5011E8D119C00EC2740 /* Products */;
			projectDirPath = "";
			projectRoot = "";
			targets = (
				DF8FB4FF1E8D119C00EC2740 /* Locker */,
			);
		};
/* End PBXProject section */

/* Begin PBXSourcesBuildPhase section */
		DF8FB4FC1E8D119C00EC2740 /* Sources */ = {
			isa = PBXSourcesBuildPhase;
			buildActionMask = 2147483647;
			files = (
				375E9682271EE79600896845 /* LockerHelpers.swift in Sources */,
				06FB948A236B265600988BA1 /* Locker.m in Sources */,
				375E9684271EE86200896845 /* BiometryType.swift in Sources */,
			);
			runOnlyForDeploymentPostprocessing = 0;
		};
/* End PBXSourcesBuildPhase section */

/* Begin XCBuildConfiguration section */
		DF8FB5071E8D119C00EC2740 /* Debug */ = {
			isa = XCBuildConfiguration;
			buildSettings = {
				ALWAYS_SEARCH_USER_PATHS = NO;
				CLANG_ANALYZER_NONNULL = YES;
				CLANG_CXX_LANGUAGE_STANDARD = "gnu++0x";
				CLANG_CXX_LIBRARY = "libc++";
				CLANG_ENABLE_MODULES = YES;
				CLANG_ENABLE_OBJC_ARC = YES;
				CLANG_WARN_BLOCK_CAPTURE_AUTORELEASING = YES;
				CLANG_WARN_BOOL_CONVERSION = YES;
				CLANG_WARN_COMMA = YES;
				CLANG_WARN_CONSTANT_CONVERSION = YES;
				CLANG_WARN_DEPRECATED_OBJC_IMPLEMENTATIONS = YES;
				CLANG_WARN_DIRECT_OBJC_ISA_USAGE = YES_ERROR;
				CLANG_WARN_DOCUMENTATION_COMMENTS = YES;
				CLANG_WARN_EMPTY_BODY = YES;
				CLANG_WARN_ENUM_CONVERSION = YES;
				CLANG_WARN_INFINITE_RECURSION = YES;
				CLANG_WARN_INT_CONVERSION = YES;
				CLANG_WARN_NON_LITERAL_NULL_CONVERSION = YES;
				CLANG_WARN_OBJC_IMPLICIT_RETAIN_SELF = YES;
				CLANG_WARN_OBJC_LITERAL_CONVERSION = YES;
				CLANG_WARN_OBJC_ROOT_CLASS = YES_ERROR;
				CLANG_WARN_RANGE_LOOP_ANALYSIS = YES;
				CLANG_WARN_STRICT_PROTOTYPES = YES;
				CLANG_WARN_SUSPICIOUS_MOVE = YES;
				CLANG_WARN_SUSPICIOUS_MOVES = YES;
				CLANG_WARN_UNREACHABLE_CODE = YES;
				CLANG_WARN__DUPLICATE_METHOD_MATCH = YES;
				"CODE_SIGN_IDENTITY[sdk=iphoneos*]" = "iPhone Developer";
				COPY_PHASE_STRIP = NO;
				DEBUG_INFORMATION_FORMAT = dwarf;
				ENABLE_STRICT_OBJC_MSGSEND = YES;
				ENABLE_TESTABILITY = YES;
				GCC_C_LANGUAGE_STANDARD = gnu99;
				GCC_DYNAMIC_NO_PIC = NO;
				GCC_NO_COMMON_BLOCKS = YES;
				GCC_OPTIMIZATION_LEVEL = 0;
				GCC_PREPROCESSOR_DEFINITIONS = (
					"DEBUG=1",
					"$(inherited)",
				);
				GCC_WARN_64_TO_32_BIT_CONVERSION = YES;
				GCC_WARN_ABOUT_RETURN_TYPE = YES_ERROR;
				GCC_WARN_UNDECLARED_SELECTOR = YES;
				GCC_WARN_UNINITIALIZED_AUTOS = YES_AGGRESSIVE;
				GCC_WARN_UNUSED_FUNCTION = YES;
				GCC_WARN_UNUSED_VARIABLE = YES;
				IPHONEOS_DEPLOYMENT_TARGET = 10.0;
				MTL_ENABLE_DEBUG_INFO = YES;
				ONLY_ACTIVE_ARCH = YES;
				SDKROOT = iphoneos;
			};
			name = Debug;
		};
		DF8FB5081E8D119C00EC2740 /* Release */ = {
			isa = XCBuildConfiguration;
			buildSettings = {
				ALWAYS_SEARCH_USER_PATHS = NO;
				CLANG_ANALYZER_NONNULL = YES;
				CLANG_CXX_LANGUAGE_STANDARD = "gnu++0x";
				CLANG_CXX_LIBRARY = "libc++";
				CLANG_ENABLE_MODULES = YES;
				CLANG_ENABLE_OBJC_ARC = YES;
				CLANG_WARN_BLOCK_CAPTURE_AUTORELEASING = YES;
				CLANG_WARN_BOOL_CONVERSION = YES;
				CLANG_WARN_COMMA = YES;
				CLANG_WARN_CONSTANT_CONVERSION = YES;
				CLANG_WARN_DEPRECATED_OBJC_IMPLEMENTATIONS = YES;
				CLANG_WARN_DIRECT_OBJC_ISA_USAGE = YES_ERROR;
				CLANG_WARN_DOCUMENTATION_COMMENTS = YES;
				CLANG_WARN_EMPTY_BODY = YES;
				CLANG_WARN_ENUM_CONVERSION = YES;
				CLANG_WARN_INFINITE_RECURSION = YES;
				CLANG_WARN_INT_CONVERSION = YES;
				CLANG_WARN_NON_LITERAL_NULL_CONVERSION = YES;
				CLANG_WARN_OBJC_IMPLICIT_RETAIN_SELF = YES;
				CLANG_WARN_OBJC_LITERAL_CONVERSION = YES;
				CLANG_WARN_OBJC_ROOT_CLASS = YES_ERROR;
				CLANG_WARN_RANGE_LOOP_ANALYSIS = YES;
				CLANG_WARN_STRICT_PROTOTYPES = YES;
				CLANG_WARN_SUSPICIOUS_MOVE = YES;
				CLANG_WARN_SUSPICIOUS_MOVES = YES;
				CLANG_WARN_UNREACHABLE_CODE = YES;
				CLANG_WARN__DUPLICATE_METHOD_MATCH = YES;
				"CODE_SIGN_IDENTITY[sdk=iphoneos*]" = "iPhone Developer";
				COPY_PHASE_STRIP = NO;
				DEBUG_INFORMATION_FORMAT = "dwarf-with-dsym";
				ENABLE_NS_ASSERTIONS = NO;
				ENABLE_STRICT_OBJC_MSGSEND = YES;
				GCC_C_LANGUAGE_STANDARD = gnu99;
				GCC_NO_COMMON_BLOCKS = YES;
				GCC_WARN_64_TO_32_BIT_CONVERSION = YES;
				GCC_WARN_ABOUT_RETURN_TYPE = YES_ERROR;
				GCC_WARN_UNDECLARED_SELECTOR = YES;
				GCC_WARN_UNINITIALIZED_AUTOS = YES_AGGRESSIVE;
				GCC_WARN_UNUSED_FUNCTION = YES;
				GCC_WARN_UNUSED_VARIABLE = YES;
				IPHONEOS_DEPLOYMENT_TARGET = 10.0;
				MTL_ENABLE_DEBUG_INFO = NO;
				SDKROOT = iphoneos;
				VALIDATE_PRODUCT = YES;
			};
			name = Release;
		};
		DF8FB50A1E8D119C00EC2740 /* Debug */ = {
			isa = XCBuildConfiguration;
			buildSettings = {
				CLANG_ENABLE_MODULES = YES;
				DEVELOPMENT_TEAM = 3GN7X2W9W5;
				LD_RUNPATH_SEARCH_PATHS = "$(inherited) @executable_path/Frameworks @loader_path/Frameworks";
				OTHER_LDFLAGS = "-ObjC";
				PRODUCT_NAME = "$(TARGET_NAME)";
				SKIP_INSTALL = YES;
				SWIFT_OPTIMIZATION_LEVEL = "-Onone";
				SWIFT_VERSION = 5.0;
			};
			name = Debug;
		};
		DF8FB50B1E8D119C00EC2740 /* Release */ = {
			isa = XCBuildConfiguration;
			buildSettings = {
				CLANG_ENABLE_MODULES = YES;
				DEVELOPMENT_TEAM = 3GN7X2W9W5;
				LD_RUNPATH_SEARCH_PATHS = "$(inherited) @executable_path/Frameworks @loader_path/Frameworks";
				OTHER_LDFLAGS = "-ObjC";
				PRODUCT_NAME = "$(TARGET_NAME)";
				SKIP_INSTALL = YES;
				SWIFT_VERSION = 5.0;
			};
			name = Release;
		};
/* End XCBuildConfiguration section */

/* Begin XCConfigurationList section */
		DF8FB4FB1E8D119C00EC2740 /* Build configuration list for PBXProject "Locker" */ = {
			isa = XCConfigurationList;
			buildConfigurations = (
				DF8FB5071E8D119C00EC2740 /* Debug */,
				DF8FB5081E8D119C00EC2740 /* Release */,
			);
			defaultConfigurationIsVisible = 0;
			defaultConfigurationName = Release;
		};
		DF8FB5091E8D119C00EC2740 /* Build configuration list for PBXNativeTarget "Locker" */ = {
			isa = XCConfigurationList;
			buildConfigurations = (
				DF8FB50A1E8D119C00EC2740 /* Debug */,
				DF8FB50B1E8D119C00EC2740 /* Release */,
			);
			defaultConfigurationIsVisible = 0;
			defaultConfigurationName = Release;
		};
/* End XCConfigurationList section */
	};
	rootObject = DF8FB4F81E8D119C00EC2740 /* Project object */;
}
