// !$*UTF8*$!
{
	archiveVersion = 1;
	classes = {
	};
	objectVersion = 48;
	objects = {

/* Begin PBXBuildFile section */
		AB567BE52049A57C003ABEE0 /* AppDelegate.swift in Sources */ = {isa = PBXBuildFile; fileRef = AB567BE42049A57C003ABEE0 /* AppDelegate.swift */; };
		AB567BE72049A57C003ABEE0 /* ViewController.swift in Sources */ = {isa = PBXBuildFile; fileRef = AB567BE62049A57C003ABEE0 /* ViewController.swift */; };
		AB567BEA2049A57C003ABEE0 /* Main.storyboard in Resources */ = {isa = PBXBuildFile; fileRef = AB567BE82049A57C003ABEE0 /* Main.storyboard */; };
		AB567BEC2049A57C003ABEE0 /* Assets.xcassets in Resources */ = {isa = PBXBuildFile; fileRef = AB567BEB2049A57C003ABEE0 /* Assets.xcassets */; };
		AB567BEF2049A57C003ABEE0 /* LaunchScreen.storyboard in Resources */ = {isa = PBXBuildFile; fileRef = AB567BED2049A57C003ABEE0 /* LaunchScreen.storyboard */; };
		AB567BFA2049A57C003ABEE0 /* TouchIDTests.swift in Sources */ = {isa = PBXBuildFile; fileRef = AB567BF92049A57C003ABEE0 /* TouchIDTests.swift */; };
		B3BA96FFD52A35767964A4AC /* Pods_TouchID.framework in Frameworks */ = {isa = PBXBuildFile; fileRef = 5F9CACE5FF571ED0B30B3B54 /* Pods_TouchID.framework */; };
		F53E4C4AB99CC215C428B6EC /* Pods_TouchIDTests.framework in Frameworks */ = {isa = PBXBuildFile; fileRef = 496316EC081FCE2ABAB0F191 /* Pods_TouchIDTests.framework */; };
/* End PBXBuildFile section */

/* Begin PBXContainerItemProxy section */
		AB567BF62049A57C003ABEE0 /* PBXContainerItemProxy */ = {
			isa = PBXContainerItemProxy;
			containerPortal = AB567BD92049A57C003ABEE0 /* Project object */;
			proxyType = 1;
			remoteGlobalIDString = AB567BE02049A57C003ABEE0;
			remoteInfo = TouchID;
		};
/* End PBXContainerItemProxy section */

/* Begin PBXFileReference section */
		09958D9500ABDD06DB88310F /* Pods-TouchIDTests.release.xcconfig */ = {isa = PBXFileReference; includeInIndex = 1; lastKnownFileType = text.xcconfig; name = "Pods-TouchIDTests.release.xcconfig"; path = "Target Support Files/Pods-TouchIDTests/Pods-TouchIDTests.release.xcconfig"; sourceTree = "<group>"; };
		49028BDF6DDEFAA4D5E105F9 /* Pods-TouchID.release.xcconfig */ = {isa = PBXFileReference; includeInIndex = 1; lastKnownFileType = text.xcconfig; name = "Pods-TouchID.release.xcconfig"; path = "Target Support Files/Pods-TouchID/Pods-TouchID.release.xcconfig"; sourceTree = "<group>"; };
		496316EC081FCE2ABAB0F191 /* Pods_TouchIDTests.framework */ = {isa = PBXFileReference; explicitFileType = wrapper.framework; includeInIndex = 0; path = Pods_TouchIDTests.framework; sourceTree = BUILT_PRODUCTS_DIR; };
		5F9CACE5FF571ED0B30B3B54 /* Pods_TouchID.framework */ = {isa = PBXFileReference; explicitFileType = wrapper.framework; includeInIndex = 0; path = Pods_TouchID.framework; sourceTree = BUILT_PRODUCTS_DIR; };
		65F6E8865E65C5B8A513B1DC /* Pods-TouchID.debug.xcconfig */ = {isa = PBXFileReference; includeInIndex = 1; lastKnownFileType = text.xcconfig; name = "Pods-TouchID.debug.xcconfig"; path = "Target Support Files/Pods-TouchID/Pods-TouchID.debug.xcconfig"; sourceTree = "<group>"; };
		94301F08020D546A47BD0536 /* Pods-TouchIDTests.debug.xcconfig */ = {isa = PBXFileReference; includeInIndex = 1; lastKnownFileType = text.xcconfig; name = "Pods-TouchIDTests.debug.xcconfig"; path = "Target Support Files/Pods-TouchIDTests/Pods-TouchIDTests.debug.xcconfig"; sourceTree = "<group>"; };
		AB567BE12049A57C003ABEE0 /* TouchID.app */ = {isa = PBXFileReference; explicitFileType = wrapper.application; includeInIndex = 0; path = TouchID.app; sourceTree = BUILT_PRODUCTS_DIR; };
		AB567BE42049A57C003ABEE0 /* AppDelegate.swift */ = {isa = PBXFileReference; lastKnownFileType = sourcecode.swift; path = AppDelegate.swift; sourceTree = "<group>"; };
		AB567BE62049A57C003ABEE0 /* ViewController.swift */ = {isa = PBXFileReference; lastKnownFileType = sourcecode.swift; path = ViewController.swift; sourceTree = "<group>"; };
		AB567BE92049A57C003ABEE0 /* Base */ = {isa = PBXFileReference; lastKnownFileType = file.storyboard; name = Base; path = Base.lproj/Main.storyboard; sourceTree = "<group>"; };
		AB567BEB2049A57C003ABEE0 /* Assets.xcassets */ = {isa = PBXFileReference; lastKnownFileType = folder.assetcatalog; path = Assets.xcassets; sourceTree = "<group>"; };
		AB567BEE2049A57C003ABEE0 /* Base */ = {isa = PBXFileReference; lastKnownFileType = file.storyboard; name = Base; path = Base.lproj/LaunchScreen.storyboard; sourceTree = "<group>"; };
		AB567BF02049A57C003ABEE0 /* Info.plist */ = {isa = PBXFileReference; lastKnownFileType = text.plist.xml; path = Info.plist; sourceTree = "<group>"; };
		AB567BF52049A57C003ABEE0 /* TouchIDTests.xctest */ = {isa = PBXFileReference; explicitFileType = wrapper.cfbundle; includeInIndex = 0; path = TouchIDTests.xctest; sourceTree = BUILT_PRODUCTS_DIR; };
		AB567BF92049A57C003ABEE0 /* TouchIDTests.swift */ = {isa = PBXFileReference; lastKnownFileType = sourcecode.swift; path = TouchIDTests.swift; sourceTree = "<group>"; };
		AB567BFB2049A57C003ABEE0 /* Info.plist */ = {isa = PBXFileReference; lastKnownFileType = text.plist.xml; path = Info.plist; sourceTree = "<group>"; };
/* End PBXFileReference section */

/* Begin PBXFrameworksBuildPhase section */
		AB567BDE2049A57C003ABEE0 /* Frameworks */ = {
			isa = PBXFrameworksBuildPhase;
			buildActionMask = 2147483647;
			files = (
				B3BA96FFD52A35767964A4AC /* Pods_TouchID.framework in Frameworks */,
			);
			runOnlyForDeploymentPostprocessing = 0;
		};
		AB567BF22049A57C003ABEE0 /* Frameworks */ = {
			isa = PBXFrameworksBuildPhase;
			buildActionMask = 2147483647;
			files = (
				F53E4C4AB99CC215C428B6EC /* Pods_TouchIDTests.framework in Frameworks */,
			);
			runOnlyForDeploymentPostprocessing = 0;
		};
/* End PBXFrameworksBuildPhase section */

/* Begin PBXGroup section */
		1860A71C98A721BC83577021 /* Pods */ = {
			isa = PBXGroup;
			children = (
				65F6E8865E65C5B8A513B1DC /* Pods-TouchID.debug.xcconfig */,
				49028BDF6DDEFAA4D5E105F9 /* Pods-TouchID.release.xcconfig */,
				94301F08020D546A47BD0536 /* Pods-TouchIDTests.debug.xcconfig */,
				09958D9500ABDD06DB88310F /* Pods-TouchIDTests.release.xcconfig */,
			);
			path = Pods;
			sourceTree = "<group>";
		};
		37D08738273D23270025F45F /* Frameworks */ = {
			isa = PBXGroup;
			children = (
				5F9CACE5FF571ED0B30B3B54 /* Pods_TouchID.framework */,
				496316EC081FCE2ABAB0F191 /* Pods_TouchIDTests.framework */,
			);
			name = Frameworks;
			sourceTree = "<group>";
		};
		AB567BD82049A57C003ABEE0 = {
			isa = PBXGroup;
			children = (
				AB567BE32049A57C003ABEE0 /* TouchID */,
				AB567BF82049A57C003ABEE0 /* TouchIDTests */,
				AB567BE22049A57C003ABEE0 /* Products */,
				1860A71C98A721BC83577021 /* Pods */,
				37D08738273D23270025F45F /* Frameworks */,
			);
			sourceTree = "<group>";
		};
		AB567BE22049A57C003ABEE0 /* Products */ = {
			isa = PBXGroup;
			children = (
				AB567BE12049A57C003ABEE0 /* TouchID.app */,
				AB567BF52049A57C003ABEE0 /* TouchIDTests.xctest */,
			);
			name = Products;
			sourceTree = "<group>";
		};
		AB567BE32049A57C003ABEE0 /* TouchID */ = {
			isa = PBXGroup;
			children = (
				AB567BE42049A57C003ABEE0 /* AppDelegate.swift */,
				AB567BE62049A57C003ABEE0 /* ViewController.swift */,
				AB567BE82049A57C003ABEE0 /* Main.storyboard */,
				AB567BEB2049A57C003ABEE0 /* Assets.xcassets */,
				AB567BED2049A57C003ABEE0 /* LaunchScreen.storyboard */,
				AB567BF02049A57C003ABEE0 /* Info.plist */,
			);
			path = TouchID;
			sourceTree = "<group>";
		};
		AB567BF82049A57C003ABEE0 /* TouchIDTests */ = {
			isa = PBXGroup;
			children = (
				AB567BF92049A57C003ABEE0 /* TouchIDTests.swift */,
				AB567BFB2049A57C003ABEE0 /* Info.plist */,
			);
			path = TouchIDTests;
			sourceTree = "<group>";
		};
/* End PBXGroup section */

/* Begin PBXNativeTarget section */
		AB567BE02049A57C003ABEE0 /* TouchID */ = {
			isa = PBXNativeTarget;
			buildConfigurationList = AB567BFE2049A57C003ABEE0 /* Build configuration list for PBXNativeTarget "TouchID" */;
			buildPhases = (
				B9EB09846FB72B26324459BF /* [CP] Check Pods Manifest.lock */,
				AB567BDD2049A57C003ABEE0 /* Sources */,
				AB567BDE2049A57C003ABEE0 /* Frameworks */,
				AB567BDF2049A57C003ABEE0 /* Resources */,
				20B266035135AE30E74914CF /* [CP] Embed Pods Frameworks */,
			);
			buildRules = (
			);
			dependencies = (
			);
			name = TouchID;
			productName = TouchID;
			productReference = AB567BE12049A57C003ABEE0 /* TouchID.app */;
			productType = "com.apple.product-type.application";
		};
		AB567BF42049A57C003ABEE0 /* TouchIDTests */ = {
			isa = PBXNativeTarget;
			buildConfigurationList = AB567C012049A57C003ABEE0 /* Build configuration list for PBXNativeTarget "TouchIDTests" */;
			buildPhases = (
				2D3D9A3DB4C702CB5E2FE7B4 /* [CP] Check Pods Manifest.lock */,
				AB567BF12049A57C003ABEE0 /* Sources */,
				AB567BF22049A57C003ABEE0 /* Frameworks */,
				AB567BF32049A57C003ABEE0 /* Resources */,
			);
			buildRules = (
			);
			dependencies = (
				AB567BF72049A57C003ABEE0 /* PBXTargetDependency */,
			);
			name = TouchIDTests;
			productName = TouchIDTests;
			productReference = AB567BF52049A57C003ABEE0 /* TouchIDTests.xctest */;
			productType = "com.apple.product-type.bundle.unit-test";
		};
/* End PBXNativeTarget section */

/* Begin PBXProject section */
		AB567BD92049A57C003ABEE0 /* Project object */ = {
			isa = PBXProject;
			attributes = {
				LastSwiftUpdateCheck = 0920;
				LastUpgradeCheck = 0920;
				ORGANIZATIONNAME = "Infinum Ltd.";
				TargetAttributes = {
					AB567BE02049A57C003ABEE0 = {
						CreatedOnToolsVersion = 9.2;
						ProvisioningStyle = Automatic;
					};
					AB567BF42049A57C003ABEE0 = {
						CreatedOnToolsVersion = 9.2;
						ProvisioningStyle = Automatic;
						TestTargetID = AB567BE02049A57C003ABEE0;
					};
				};
			};
			buildConfigurationList = AB567BDC2049A57C003ABEE0 /* Build configuration list for PBXProject "TouchID" */;
			compatibilityVersion = "Xcode 8.0";
			developmentRegion = en;
			hasScannedForEncodings = 0;
			knownRegions = (
				en,
				Base,
			);
			mainGroup = AB567BD82049A57C003ABEE0;
			productRefGroup = AB567BE22049A57C003ABEE0 /* Products */;
			projectDirPath = "";
			projectRoot = "";
			targets = (
				AB567BE02049A57C003ABEE0 /* TouchID */,
				AB567BF42049A57C003ABEE0 /* TouchIDTests */,
			);
		};
/* End PBXProject section */

/* Begin PBXResourcesBuildPhase section */
		AB567BDF2049A57C003ABEE0 /* Resources */ = {
			isa = PBXResourcesBuildPhase;
			buildActionMask = 2147483647;
			files = (
				AB567BEF2049A57C003ABEE0 /* LaunchScreen.storyboard in Resources */,
				AB567BEC2049A57C003ABEE0 /* Assets.xcassets in Resources */,
				AB567BEA2049A57C003ABEE0 /* Main.storyboard in Resources */,
			);
			runOnlyForDeploymentPostprocessing = 0;
		};
		AB567BF32049A57C003ABEE0 /* Resources */ = {
			isa = PBXResourcesBuildPhase;
			buildActionMask = 2147483647;
			files = (
			);
			runOnlyForDeploymentPostprocessing = 0;
		};
/* End PBXResourcesBuildPhase section */

/* Begin PBXShellScriptBuildPhase section */
		20B266035135AE30E74914CF /* [CP] Embed Pods Frameworks */ = {
			isa = PBXShellScriptBuildPhase;
			buildActionMask = 2147483647;
			files = (
			);
			inputPaths = (
				"${PODS_ROOT}/Target Support Files/Pods-TouchID/Pods-TouchID-frameworks.sh",
				"${BUILT_PRODUCTS_DIR}/Locker/Locker.framework",
			);
			name = "[CP] Embed Pods Frameworks";
			outputPaths = (
				"${TARGET_BUILD_DIR}/${FRAMEWORKS_FOLDER_PATH}/Locker.framework",
			);
			runOnlyForDeploymentPostprocessing = 0;
			shellPath = /bin/sh;
			shellScript = "\"${PODS_ROOT}/Target Support Files/Pods-TouchID/Pods-TouchID-frameworks.sh\"\n";
			showEnvVarsInLog = 0;
		};
		2D3D9A3DB4C702CB5E2FE7B4 /* [CP] Check Pods Manifest.lock */ = {
			isa = PBXShellScriptBuildPhase;
			buildActionMask = 2147483647;
			files = (
			);
			inputFileListPaths = (
			);
			inputPaths = (
				"${PODS_PODFILE_DIR_PATH}/Podfile.lock",
				"${PODS_ROOT}/Manifest.lock",
			);
			name = "[CP] Check Pods Manifest.lock";
			outputFileListPaths = (
			);
			outputPaths = (
				"$(DERIVED_FILE_DIR)/Pods-TouchIDTests-checkManifestLockResult.txt",
			);
			runOnlyForDeploymentPostprocessing = 0;
			shellPath = /bin/sh;
			shellScript = "diff \"${PODS_PODFILE_DIR_PATH}/Podfile.lock\" \"${PODS_ROOT}/Manifest.lock\" > /dev/null\nif [ $? != 0 ] ; then\n    # print error to STDERR\n    echo \"error: The sandbox is not in sync with the Podfile.lock. Run 'pod install' or update your CocoaPods installation.\" >&2\n    exit 1\nfi\n# This output is used by Xcode 'outputs' to avoid re-running this script phase.\necho \"SUCCESS\" > \"${SCRIPT_OUTPUT_FILE_0}\"\n";
			showEnvVarsInLog = 0;
		};
		B9EB09846FB72B26324459BF /* [CP] Check Pods Manifest.lock */ = {
			isa = PBXShellScriptBuildPhase;
			buildActionMask = 2147483647;
			files = (
			);
			inputFileListPaths = (
			);
			inputPaths = (
				"${PODS_PODFILE_DIR_PATH}/Podfile.lock",
				"${PODS_ROOT}/Manifest.lock",
			);
			name = "[CP] Check Pods Manifest.lock";
			outputFileListPaths = (
			);
			outputPaths = (
				"$(DERIVED_FILE_DIR)/Pods-TouchID-checkManifestLockResult.txt",
			);
			runOnlyForDeploymentPostprocessing = 0;
			shellPath = /bin/sh;
			shellScript = "diff \"${PODS_PODFILE_DIR_PATH}/Podfile.lock\" \"${PODS_ROOT}/Manifest.lock\" > /dev/null\nif [ $? != 0 ] ; then\n    # print error to STDERR\n    echo \"error: The sandbox is not in sync with the Podfile.lock. Run 'pod install' or update your CocoaPods installation.\" >&2\n    exit 1\nfi\n# This output is used by Xcode 'outputs' to avoid re-running this script phase.\necho \"SUCCESS\" > \"${SCRIPT_OUTPUT_FILE_0}\"\n";
			showEnvVarsInLog = 0;
		};
/* End PBXShellScriptBuildPhase section */

/* Begin PBXSourcesBuildPhase section */
		AB567BDD2049A57C003ABEE0 /* Sources */ = {
			isa = PBXSourcesBuildPhase;
			buildActionMask = 2147483647;
			files = (
				AB567BE72049A57C003ABEE0 /* ViewController.swift in Sources */,
				AB567BE52049A57C003ABEE0 /* AppDelegate.swift in Sources */,
			);
			runOnlyForDeploymentPostprocessing = 0;
		};
		AB567BF12049A57C003ABEE0 /* Sources */ = {
			isa = PBXSourcesBuildPhase;
			buildActionMask = 2147483647;
			files = (
				AB567BFA2049A57C003ABEE0 /* TouchIDTests.swift in Sources */,
			);
			runOnlyForDeploymentPostprocessing = 0;
		};
/* End PBXSourcesBuildPhase section */

/* Begin PBXTargetDependency section */
		AB567BF72049A57C003ABEE0 /* PBXTargetDependency */ = {
			isa = PBXTargetDependency;
			target = AB567BE02049A57C003ABEE0 /* TouchID */;
			targetProxy = AB567BF62049A57C003ABEE0 /* PBXContainerItemProxy */;
		};
/* End PBXTargetDependency section */

/* Begin PBXVariantGroup section */
		AB567BE82049A57C003ABEE0 /* Main.storyboard */ = {
			isa = PBXVariantGroup;
			children = (
				AB567BE92049A57C003ABEE0 /* Base */,
			);
			name = Main.storyboard;
			sourceTree = "<group>";
		};
		AB567BED2049A57C003ABEE0 /* LaunchScreen.storyboard */ = {
			isa = PBXVariantGroup;
			children = (
				AB567BEE2049A57C003ABEE0 /* Base */,
			);
			name = LaunchScreen.storyboard;
			sourceTree = "<group>";
		};
/* End PBXVariantGroup section */

/* Begin XCBuildConfiguration section */
		AB567BFC2049A57C003ABEE0 /* Debug */ = {
			isa = XCBuildConfiguration;
			buildSettings = {
				ALWAYS_SEARCH_USER_PATHS = NO;
				CLANG_ANALYZER_NONNULL = YES;
				CLANG_ANALYZER_NUMBER_OBJECT_CONVERSION = YES_AGGRESSIVE;
				CLANG_CXX_LANGUAGE_STANDARD = "gnu++14";
				CLANG_CXX_LIBRARY = "libc++";
				CLANG_ENABLE_MODULES = YES;
				CLANG_ENABLE_OBJC_ARC = YES;
				CLANG_WARN_BLOCK_CAPTURE_AUTORELEASING = YES;
				CLANG_WARN_BOOL_CONVERSION = YES;
				CLANG_WARN_COMMA = YES;
				CLANG_WARN_CONSTANT_CONVERSION = YES;
				CLANG_WARN_DIRECT_OBJC_ISA_USAGE = YES_ERROR;
				CLANG_WARN_DOCUMENTATION_COMMENTS = YES;
				CLANG_WARN_EMPTY_BODY = YES;
				CLANG_WARN_ENUM_CONVERSION = YES;
				CLANG_WARN_INFINITE_RECURSION = YES;
				CLANG_WARN_INT_CONVERSION = YES;
				CLANG_WARN_NON_LITERAL_NULL_CONVERSION = YES;
				CLANG_WARN_OBJC_LITERAL_CONVERSION = YES;
				CLANG_WARN_OBJC_ROOT_CLASS = YES_ERROR;
				CLANG_WARN_RANGE_LOOP_ANALYSIS = YES;
				CLANG_WARN_STRICT_PROTOTYPES = YES;
				CLANG_WARN_SUSPICIOUS_MOVE = YES;
				CLANG_WARN_UNGUARDED_AVAILABILITY = YES_AGGRESSIVE;
				CLANG_WARN_UNREACHABLE_CODE = YES;
				CLANG_WARN__DUPLICATE_METHOD_MATCH = YES;
				CODE_SIGN_IDENTITY = "iPhone Developer";
				COPY_PHASE_STRIP = NO;
				DEBUG_INFORMATION_FORMAT = dwarf;
				ENABLE_STRICT_OBJC_MSGSEND = YES;
				ENABLE_TESTABILITY = YES;
				GCC_C_LANGUAGE_STANDARD = gnu11;
				GCC_DYNAMIC_NO_PIC = NO;
				GCC_NO_COMMON_BLOCKS = YES;
				GCC_OPTIMIZATION_LEVEL = 0;
				GCC_PREPROCESSOR_DEFINITIONS = (
					"DEBUG=1",
					"$(inherited)",
				);
				GCC_WARN_64_TO_32_BIT_CONVERSION = YES;
				GCC_WARN_ABOUT_RETURN_TYPE = YES_ERROR;
				GCC_WARN_UNDECLARED_SELECTOR = YES;
				GCC_WARN_UNINITIALIZED_AUTOS = YES_AGGRESSIVE;
				GCC_WARN_UNUSED_FUNCTION = YES;
				GCC_WARN_UNUSED_VARIABLE = YES;
				IPHONEOS_DEPLOYMENT_TARGET = 10.0;
				MTL_ENABLE_DEBUG_INFO = YES;
				ONLY_ACTIVE_ARCH = YES;
				SDKROOT = iphoneos;
				SWIFT_ACTIVE_COMPILATION_CONDITIONS = DEBUG;
				SWIFT_OPTIMIZATION_LEVEL = "-Onone";
			};
			name = Debug;
		};
		AB567BFD2049A57C003ABEE0 /* Release */ = {
			isa = XCBuildConfiguration;
			buildSettings = {
				ALWAYS_SEARCH_USER_PATHS = NO;
				CLANG_ANALYZER_NONNULL = YES;
				CLANG_ANALYZER_NUMBER_OBJECT_CONVERSION = YES_AGGRESSIVE;
				CLANG_CXX_LANGUAGE_STANDARD = "gnu++14";
				CLANG_CXX_LIBRARY = "libc++";
				CLANG_ENABLE_MODULES = YES;
				CLANG_ENABLE_OBJC_ARC = YES;
				CLANG_WARN_BLOCK_CAPTURE_AUTORELEASING = YES;
				CLANG_WARN_BOOL_CONVERSION = YES;
				CLANG_WARN_COMMA = YES;
				CLANG_WARN_CONSTANT_CONVERSION = YES;
				CLANG_WARN_DIRECT_OBJC_ISA_USAGE = YES_ERROR;
				CLANG_WARN_DOCUMENTATION_COMMENTS = YES;
				CLANG_WARN_EMPTY_BODY = YES;
				CLANG_WARN_ENUM_CONVERSION = YES;
				CLANG_WARN_INFINITE_RECURSION = YES;
				CLANG_WARN_INT_CONVERSION = YES;
				CLANG_WARN_NON_LITERAL_NULL_CONVERSION = YES;
				CLANG_WARN_OBJC_LITERAL_CONVERSION = YES;
				CLANG_WARN_OBJC_ROOT_CLASS = YES_ERROR;
				CLANG_WARN_RANGE_LOOP_ANALYSIS = YES;
				CLANG_WARN_STRICT_PROTOTYPES = YES;
				CLANG_WARN_SUSPICIOUS_MOVE = YES;
				CLANG_WARN_UNGUARDED_AVAILABILITY = YES_AGGRESSIVE;
				CLANG_WARN_UNREACHABLE_CODE = YES;
				CLANG_WARN__DUPLICATE_METHOD_MATCH = YES;
				CODE_SIGN_IDENTITY = "iPhone Developer";
				COPY_PHASE_STRIP = NO;
				DEBUG_INFORMATION_FORMAT = "dwarf-with-dsym";
				ENABLE_NS_ASSERTIONS = NO;
				ENABLE_STRICT_OBJC_MSGSEND = YES;
				GCC_C_LANGUAGE_STANDARD = gnu11;
				GCC_NO_COMMON_BLOCKS = YES;
				GCC_WARN_64_TO_32_BIT_CONVERSION = YES;
				GCC_WARN_ABOUT_RETURN_TYPE = YES_ERROR;
				GCC_WARN_UNDECLARED_SELECTOR = YES;
				GCC_WARN_UNINITIALIZED_AUTOS = YES_AGGRESSIVE;
				GCC_WARN_UNUSED_FUNCTION = YES;
				GCC_WARN_UNUSED_VARIABLE = YES;
				IPHONEOS_DEPLOYMENT_TARGET = 10.0;
				MTL_ENABLE_DEBUG_INFO = NO;
				SDKROOT = iphoneos;
				SWIFT_OPTIMIZATION_LEVEL = "-Owholemodule";
				VALIDATE_PRODUCT = YES;
			};
			name = Release;
		};
		AB567BFF2049A57C003ABEE0 /* Debug */ = {
			isa = XCBuildConfiguration;
			baseConfigurationReference = 65F6E8865E65C5B8A513B1DC /* Pods-TouchID.debug.xcconfig */;
			buildSettings = {
				ASSETCATALOG_COMPILER_APPICON_NAME = AppIcon;
				CODE_SIGN_STYLE = Automatic;
				DEVELOPMENT_TEAM = T4AA5M3MX8;
				INFOPLIST_FILE = TouchID/Info.plist;
				LD_RUNPATH_SEARCH_PATHS = "$(inherited) @executable_path/Frameworks";
				PRODUCT_BUNDLE_IDENTIFIER = co.infinum.TouchID;
				PRODUCT_NAME = "$(TARGET_NAME)";
				SWIFT_VERSION = 4.0;
				TARGETED_DEVICE_FAMILY = "1,2";
			};
			name = Debug;
		};
		AB567C002049A57C003ABEE0 /* Release */ = {
			isa = XCBuildConfiguration;
			baseConfigurationReference = 49028BDF6DDEFAA4D5E105F9 /* Pods-TouchID.release.xcconfig */;
			buildSettings = {
				ASSETCATALOG_COMPILER_APPICON_NAME = AppIcon;
				CODE_SIGN_STYLE = Automatic;
				DEVELOPMENT_TEAM = T4AA5M3MX8;
				INFOPLIST_FILE = TouchID/Info.plist;
				LD_RUNPATH_SEARCH_PATHS = "$(inherited) @executable_path/Frameworks";
				PRODUCT_BUNDLE_IDENTIFIER = co.infinum.TouchID;
				PRODUCT_NAME = "$(TARGET_NAME)";
				SWIFT_VERSION = 4.0;
				TARGETED_DEVICE_FAMILY = "1,2";
			};
			name = Release;
		};
		AB567C022049A57C003ABEE0 /* Debug */ = {
			isa = XCBuildConfiguration;
			baseConfigurationReference = 94301F08020D546A47BD0536 /* Pods-TouchIDTests.debug.xcconfig */;
			buildSettings = {
				ALWAYS_EMBED_SWIFT_STANDARD_LIBRARIES = YES;
				BUNDLE_LOADER = "$(TEST_HOST)";
				CODE_SIGN_STYLE = Automatic;
				DEVELOPMENT_TEAM = 5F5M64F878;
				INFOPLIST_FILE = TouchIDTests/Info.plist;
				LD_RUNPATH_SEARCH_PATHS = "$(inherited) @executable_path/Frameworks @loader_path/Frameworks";
				PRODUCT_BUNDLE_IDENTIFIER = co.infinum.TouchIDTests;
				PRODUCT_NAME = "$(TARGET_NAME)";
				SWIFT_VERSION = 4.0;
				TARGETED_DEVICE_FAMILY = "1,2";
				TEST_HOST = "$(BUILT_PRODUCTS_DIR)/TouchID.app/TouchID";
			};
			name = Debug;
		};
		AB567C032049A57C003ABEE0 /* Release */ = {
			isa = XCBuildConfiguration;
			baseConfigurationReference = 09958D9500ABDD06DB88310F /* Pods-TouchIDTests.release.xcconfig */;
			buildSettings = {
				ALWAYS_EMBED_SWIFT_STANDARD_LIBRARIES = YES;
				BUNDLE_LOADER = "$(TEST_HOST)";
				CODE_SIGN_STYLE = Automatic;
				DEVELOPMENT_TEAM = 5F5M64F878;
				INFOPLIST_FILE = TouchIDTests/Info.plist;
				LD_RUNPATH_SEARCH_PATHS = "$(inherited) @executable_path/Frameworks @loader_path/Frameworks";
				PRODUCT_BUNDLE_IDENTIFIER = co.infinum.TouchIDTests;
				PRODUCT_NAME = "$(TARGET_NAME)";
				SWIFT_VERSION = 4.0;
				TARGETED_DEVICE_FAMILY = "1,2";
				TEST_HOST = "$(BUILT_PRODUCTS_DIR)/TouchID.app/TouchID";
			};
			name = Release;
		};
/* End XCBuildConfiguration section */

/* Begin XCConfigurationList section */
		AB567BDC2049A57C003ABEE0 /* Build configuration list for PBXProject "TouchID" */ = {
			isa = XCConfigurationList;
			buildConfigurations = (
				AB567BFC2049A57C003ABEE0 /* Debug */,
				AB567BFD2049A57C003ABEE0 /* Release */,
			);
			defaultConfigurationIsVisible = 0;
			defaultConfigurationName = Release;
		};
		AB567BFE2049A57C003ABEE0 /* Build configuration list for PBXNativeTarget "TouchID" */ = {
			isa = XCConfigurationList;
			buildConfigurations = (
				AB567BFF2049A57C003ABEE0 /* Debug */,
				AB567C002049A57C003ABEE0 /* Release */,
			);
			defaultConfigurationIsVisible = 0;
			defaultConfigurationName = Release;
		};
		AB567C012049A57C003ABEE0 /* Build configuration list for PBXNativeTarget "TouchIDTests" */ = {
			isa = XCConfigurationList;
			buildConfigurations = (
				AB567C022049A57C003ABEE0 /* Debug */,
				AB567C032049A57C003ABEE0 /* Release */,
			);
			defaultConfigurationIsVisible = 0;
			defaultConfigurationName = Release;
		};
/* End XCConfigurationList section */
	};
	rootObject = AB567BD92049A57C003ABEE0 /* Project object */;
}
